
Microsoft Visual Studio Solution File, Format Version 12.00
# Visual Studio 2012
Project("{2150E333-8FDC-42A3-9474-1A3956D46DE8}") = "FunctionalProgramming", "FunctionalProgramming", "{A070F272-1C49-49B8-8BAF-0AFFD291D61D}"
EndProject
Project("{2150E333-8FDC-42A3-9474-1A3956D46DE8}") = "Introduction", "Introduction", "{EC3BDB34-F0D6-477B-8C15-4354DC30F7D7}"
EndProject
Project("{F2A71F9B-5D33-465A-A702-920D77279786}") = "FilterArray", "FunctionalProgramming\Introduction\FilterArray\FilterArray.fsproj", "{17F75EB9-03BC-43CA-97B1-776A2EECDF17}"
EndProject
Project("{F2A71F9B-5D33-465A-A702-920D77279786}") = "UpdateList", "FunctionalProgramming\Introduction\UpdateList\UpdateList.fsproj", "{79DA42BA-F6BC-41B5-9801-F4198C42A397}"
EndProject
Project("{F2A71F9B-5D33-465A-A702-920D77279786}") = "ListReplication", "FunctionalProgramming\Introduction\ListReplication\ListReplication.fsproj", "{6605C23F-5309-4AF5-8E77-8D4529780D27}"
EndProject
Project("{F2A71F9B-5D33-465A-A702-920D77279786}") = "ListLength", "FunctionalProgramming\Introduction\ListLength\ListLength.fsproj", "{B165F444-D27B-4D01-9BEA-3F386ED79EDD}"
EndProject
Project("{F2A71F9B-5D33-465A-A702-920D77279786}") = "ArrayOfNElements", "FunctionalProgramming\Introduction\ArrayOfNElements\ArrayOfNElements.fsproj", "{B387696C-97AB-459C-9490-BF7381535A3F}"
EndProject
Project("{F2A71F9B-5D33-465A-A702-920D77279786}") = "SumOfOddElements", "FunctionalProgramming\Introduction\SumOfOddElements\SumOfOddElements.fsproj", "{351371DE-407D-4BF9-94DD-ADF7A7EAAF15}"
EndProject
Project("{F2A71F9B-5D33-465A-A702-920D77279786}") = "FilterPositionsInList", "FunctionalProgramming\Introduction\FilterPositionsInList\FilterPositionsInList.fsproj", "{AF5A318A-2CD7-4524-B368-90992206E3E6}"
EndProject
Project("{F2A71F9B-5D33-465A-A702-920D77279786}") = "ReverseList", "FunctionalProgramming\Introduction\ReverseList\ReverseList.fsproj", "{75CA6829-988C-4CA4-B276-057CA69D47A0}"
EndProject
Project("{F2A71F9B-5D33-465A-A702-920D77279786}") = "HelloWorldNTimes", "FunctionalProgramming\Introduction\HelloWorldNTimes\HelloWorldNTimes.fsproj", "{03E1620A-45E5-42E6-9F0C-886F885800B0}"
EndProject
Project("{F2A71F9B-5D33-465A-A702-920D77279786}") = "HelloWorld", "FunctionalProgramming\Introduction\HelloWorld\HelloWorld.fsproj", "{7C1A7270-1CA9-428E-85A2-2E1B45125E06}"
EndProject
Global
	GlobalSection(SolutionConfigurationPlatforms) = preSolution
		Debug|Any CPU = Debug|Any CPU
		Release|Any CPU = Release|Any CPU
	EndGlobalSection
	GlobalSection(ProjectConfigurationPlatforms) = postSolution
		{17F75EB9-03BC-43CA-97B1-776A2EECDF17}.Debug|Any CPU.ActiveCfg = Debug|Any CPU
		{17F75EB9-03BC-43CA-97B1-776A2EECDF17}.Debug|Any CPU.Build.0 = Debug|Any CPU
		{17F75EB9-03BC-43CA-97B1-776A2EECDF17}.Release|Any CPU.ActiveCfg = Release|Any CPU
		{17F75EB9-03BC-43CA-97B1-776A2EECDF17}.Release|Any CPU.Build.0 = Release|Any CPU
		{79DA42BA-F6BC-41B5-9801-F4198C42A397}.Debug|Any CPU.ActiveCfg = Debug|Any CPU
		{79DA42BA-F6BC-41B5-9801-F4198C42A397}.Debug|Any CPU.Build.0 = Debug|Any CPU
		{79DA42BA-F6BC-41B5-9801-F4198C42A397}.Release|Any CPU.ActiveCfg = Release|Any CPU
		{79DA42BA-F6BC-41B5-9801-F4198C42A397}.Release|Any CPU.Build.0 = Release|Any CPU
		{6605C23F-5309-4AF5-8E77-8D4529780D27}.Debug|Any CPU.ActiveCfg = Debug|Any CPU
		{6605C23F-5309-4AF5-8E77-8D4529780D27}.Debug|Any CPU.Build.0 = Debug|Any CPU
		{6605C23F-5309-4AF5-8E77-8D4529780D27}.Release|Any CPU.ActiveCfg = Release|Any CPU
		{6605C23F-5309-4AF5-8E77-8D4529780D27}.Release|Any CPU.Build.0 = Release|Any CPU
		{B165F444-D27B-4D01-9BEA-3F386ED79EDD}.Debug|Any CPU.ActiveCfg = Debug|Any CPU
		{B165F444-D27B-4D01-9BEA-3F386ED79EDD}.Debug|Any CPU.Build.0 = Debug|Any CPU
		{B165F444-D27B-4D01-9BEA-3F386ED79EDD}.Release|Any CPU.ActiveCfg = Release|Any CPU
		{B165F444-D27B-4D01-9BEA-3F386ED79EDD}.Release|Any CPU.Build.0 = Release|Any CPU
		{B387696C-97AB-459C-9490-BF7381535A3F}.Debug|Any CPU.ActiveCfg = Debug|Any CPU
		{B387696C-97AB-459C-9490-BF7381535A3F}.Debug|Any CPU.Build.0 = Debug|Any CPU
		{B387696C-97AB-459C-9490-BF7381535A3F}.Release|Any CPU.ActiveCfg = Release|Any CPU
		{B387696C-97AB-459C-9490-BF7381535A3F}.Release|Any CPU.Build.0 = Release|Any CPU
		{351371DE-407D-4BF9-94DD-ADF7A7EAAF15}.Debug|Any CPU.ActiveCfg = Debug|Any CPU
		{351371DE-407D-4BF9-94DD-ADF7A7EAAF15}.Debug|Any CPU.Build.0 = Debug|Any CPU
		{351371DE-407D-4BF9-94DD-ADF7A7EAAF15}.Release|Any CPU.ActiveCfg = Release|Any CPU
		{351371DE-407D-4BF9-94DD-ADF7A7EAAF15}.Release|Any CPU.Build.0 = Release|Any CPU
		{AF5A318A-2CD7-4524-B368-90992206E3E6}.Debug|Any CPU.ActiveCfg = Debug|Any CPU
		{AF5A318A-2CD7-4524-B368-90992206E3E6}.Debug|Any CPU.Build.0 = Debug|Any CPU
		{AF5A318A-2CD7-4524-B368-90992206E3E6}.Release|Any CPU.ActiveCfg = Release|Any CPU
		{AF5A318A-2CD7-4524-B368-90992206E3E6}.Release|Any CPU.Build.0 = Release|Any CPU
		{75CA6829-988C-4CA4-B276-057CA69D47A0}.Debug|Any CPU.ActiveCfg = Debug|Any CPU
		{75CA6829-988C-4CA4-B276-057CA69D47A0}.Debug|Any CPU.Build.0 = Debug|Any CPU
		{75CA6829-988C-4CA4-B276-057CA69D47A0}.Release|Any CPU.ActiveCfg = Release|Any CPU
		{75CA6829-988C-4CA4-B276-057CA69D47A0}.Release|Any CPU.Build.0 = Release|Any CPU
		{03E1620A-45E5-42E6-9F0C-886F885800B0}.Debug|Any CPU.ActiveCfg = Debug|Any CPU
		{03E1620A-45E5-42E6-9F0C-886F885800B0}.Debug|Any CPU.Build.0 = Debug|Any CPU
		{03E1620A-45E5-42E6-9F0C-886F885800B0}.Release|Any CPU.ActiveCfg = Release|Any CPU
		{03E1620A-45E5-42E6-9F0C-886F885800B0}.Release|Any CPU.Build.0 = Release|Any CPU
		{7C1A7270-1CA9-428E-85A2-2E1B45125E06}.Debug|Any CPU.ActiveCfg = Debug|Any CPU
		{7C1A7270-1CA9-428E-85A2-2E1B45125E06}.Debug|Any CPU.Build.0 = Debug|Any CPU
		{7C1A7270-1CA9-428E-85A2-2E1B45125E06}.Release|Any CPU.ActiveCfg = Release|Any CPU
		{7C1A7270-1CA9-428E-85A2-2E1B45125E06}.Release|Any CPU.Build.0 = Release|Any CPU
	EndGlobalSection
	GlobalSection(SolutionProperties) = preSolution
		HideSolutionNode = FALSE
	EndGlobalSection
	GlobalSection(NestedProjects) = preSolution
		{EC3BDB34-F0D6-477B-8C15-4354DC30F7D7} = {A070F272-1C49-49B8-8BAF-0AFFD291D61D}
		{17F75EB9-03BC-43CA-97B1-776A2EECDF17} = {EC3BDB34-F0D6-477B-8C15-4354DC30F7D7}
		{79DA42BA-F6BC-41B5-9801-F4198C42A397} = {EC3BDB34-F0D6-477B-8C15-4354DC30F7D7}
		{6605C23F-5309-4AF5-8E77-8D4529780D27} = {EC3BDB34-F0D6-477B-8C15-4354DC30F7D7}
		{B165F444-D27B-4D01-9BEA-3F386ED79EDD} = {EC3BDB34-F0D6-477B-8C15-4354DC30F7D7}
		{B387696C-97AB-459C-9490-BF7381535A3F} = {EC3BDB34-F0D6-477B-8C15-4354DC30F7D7}
		{351371DE-407D-4BF9-94DD-ADF7A7EAAF15} = {EC3BDB34-F0D6-477B-8C15-4354DC30F7D7}
		{AF5A318A-2CD7-4524-B368-90992206E3E6} = {EC3BDB34-F0D6-477B-8C15-4354DC30F7D7}
		{75CA6829-988C-4CA4-B276-057CA69D47A0} = {EC3BDB34-F0D6-477B-8C15-4354DC30F7D7}
		{03E1620A-45E5-42E6-9F0C-886F885800B0} = {EC3BDB34-F0D6-477B-8C15-4354DC30F7D7}
		{7C1A7270-1CA9-428E-85A2-2E1B45125E06} = {EC3BDB34-F0D6-477B-8C15-4354DC30F7D7}
	EndGlobalSection
EndGlobal
